name: 'lock threads'

on:
  schedule:
    - cron: '0 0 * * *'
  workflow_dispatch:

permissions:
  issues: write
  pull-requests: write

jobs:
  action:
    runs-on: ubuntu-latest
    steps:
      - uses: dessant/lock-threads@v2.1.2
        with:
          github-token: ${{ secrets.LOCK_ACCESS_TOKEN }}
          issue-lock-inactive-days: '365'
          issue-exclude-created-before: ''
          issue-exclude-labels: ''
          issue-lock-labels: 'outdated'
          issue-lock-comment: >
            This issue has been automatically locked since there
            has not been any recent activity after it was closed.
            Please open a new issue for related bugs.
          issue-lock-reason: ''
          pr-lock-inactive-days: '365'
          pr-exclude-created-before: ''
          pr-exclude-labels: ''
          pr-lock-labels: 'outdated'
          pr-lock-comment: >
            This pull request has been automatically locked since there
            has not been any recent activity after it was closed.
            Please open a new issue for related bugs.
          pr-lock-reason: ''
          process-only: ''
      - name: Log processed threads
        run: |
          if [ '${{ steps.lock.outputs.issues }}' ]; then
            echo "Issues:" && echo '${{ steps.lock.outputs.issues }}' | jq .
          fi
          if [ '${{ steps.lock.outputs.prs }}' ]; then
            echo "Pull requests:" && echo '${{ steps.lock.outputs.prs }}' | jq .
          fi
